
Microsoft Visual Studio Solution File, Format Version 12.00
# Visual Studio Version 17
VisualStudioVersion = 17.4.33205.214
MinimumVisualStudioVersion = 10.0.40219.1
Project("{9A19103F-16F7-4668-BE54-9A1E7A4F7556}") = "BobOnGradle", "BobOnGradle.csproj", "{56C10EAC-AB81-4312-8056-C579DF1CE250}"
EndProject
Project("{FAE04EC0-301F-11D3-BF4B-00C04F79EFBC}") = "GUI", "..\GUI\GUI.csproj", "{837FE191-9843-4E03-ADD1-F161495E2DEE}"
EndProject
Global
	GlobalSection(SolutionConfigurationPlatforms) = preSolution
		Debug|Any CPU = Debug|Any CPU
		Release|Any CPU = Release|Any CPU
	EndGlobalSection
	GlobalSection(ProjectConfigurationPlatforms) = postSolution
		{56C10EAC-AB81-4312-8056-C579DF1CE250}.Debug|Any CPU.ActiveCfg = Debug|Any CPU
		{56C10EAC-AB81-4312-8056-C579DF1CE250}.Debug|Any CPU.Build.0 = Debug|Any CPU
		{56C10EAC-AB81-4312-8056-C579DF1CE250}.Release|Any CPU.ActiveCfg = Release|Any CPU
		{56C10EAC-AB81-4312-8056-C579DF1CE250}.Release|Any CPU.Build.0 = Release|Any CPU
		{837FE191-9843-4E03-ADD1-F161495E2DEE}.Debug|Any CPU.ActiveCfg = Debug|Any CPU
		{837FE191-9843-4E03-ADD1-F161495E2DEE}.Debug|Any CPU.Build.0 = Debug|Any CPU
		{837FE191-9843-4E03-ADD1-F161495E2DEE}.Release|Any CPU.ActiveCfg = Release|Any CPU
		{837FE191-9843-4E03-ADD1-F161495E2DEE}.Release|Any CPU.Build.0 = Release|Any CPU
	EndGlobalSection
	GlobalSection(SolutionProperties) = preSolution
		HideSolutionNode = FALSE
	EndGlobalSection
	GlobalSection(ExtensibilityGlobals) = postSolution
		SolutionGuid = {74570F65-208B-40BC-AA81-DC16EA25B93D}
	EndGlobalSection
EndGlobal
